
Microsoft Visual Studio Solution File, Format Version 12.00
# Visual Studio Version 16
VisualStudioVersion = 16.0.31702.278
MinimumVisualStudioVersion = 10.0.40219.1
Project("{2150E333-8FDC-42A3-9474-1A3956D46DE8}") = "00_Client", "00_Client", "{56628045-5AF7-4179-B5FA-570F9477DE79}"
EndProject
Project("{2150E333-8FDC-42A3-9474-1A3956D46DE8}") = "01_Server", "01_Server", "{4C0A7B9B-8A59-430B-B738-AF1A5F2D70CD}"
EndProject
Project("{2150E333-8FDC-42A3-9474-1A3956D46DE8}") = "ServerLib", "ServerLib", "{9CAE5CC8-194A-40CE-BED1-19FBDE9ACF30}"
EndProject
Project("{2150E333-8FDC-42A3-9474-1A3956D46DE8}") = "ClientLib", "ClientLib", "{5CD992E6-E52A-4B92-B82D-91185F73CFDC}"
EndProject
Project("{2150E333-8FDC-42A3-9474-1A3956D46DE8}") = "99_Protocol", "99_Protocol", "{30FC6BE1-6CD8-4BAA-A4D7-6452EA7479C6}"
EndProject
Project("{8BC9CEB8-8B4A-11D0-8D11-00A0C91BC942}") = "DXClient", "Project\DXClient\DXClient.vcxproj", "{7171E1C9-7B5B-46CE-B0CA-5BBA8450EEE1}"
EndProject
Project("{8BC9CEB8-8B4A-11D0-8D11-00A0C91BC942}") = "CoreLib", "Project\CoreLib\CoreLib.vcxproj", "{1AF9A6E4-C86C-4189-BAE9-36307DA8A1BC}"
EndProject
Project("{8BC9CEB8-8B4A-11D0-8D11-00A0C91BC942}") = "OmokProtocol", "Project\OmokProtocol\OmokProtocol.vcxproj", "{10894D42-ABB3-4227-87CE-D83C928A9979}"
EndProject
Project("{8BC9CEB8-8B4A-11D0-8D11-00A0C91BC942}") = "CoreNetClientLib", "Project\CoreNetClientLib\CoreNetClientLib.vcxproj", "{7AD2E32C-62D6-45DE-A6EA-106EA2D54228}"
EndProject
Project("{8BC9CEB8-8B4A-11D0-8D11-00A0C91BC942}") = "NetLib", "Project\NetLib\NetLib.vcxproj", "{C908D0D3-5264-46B1-A1CD-948BB58FA0B0}"
EndProject
Project("{8BC9CEB8-8B4A-11D0-8D11-00A0C91BC942}") = "DXServer", "Project\DXServer\DXServer.vcxproj", "{E3C5DAC5-EE35-4993-9275-87EEBC295364}"
EndProject
Global
	GlobalSection(SolutionConfigurationPlatforms) = preSolution
		Debug|x64 = Debug|x64
		Debug|x86 = Debug|x86
		Release|x64 = Release|x64
		Release|x86 = Release|x86
	EndGlobalSection
	GlobalSection(ProjectConfigurationPlatforms) = postSolution
		{7171E1C9-7B5B-46CE-B0CA-5BBA8450EEE1}.Debug|x64.ActiveCfg = Debug|x64
		{7171E1C9-7B5B-46CE-B0CA-5BBA8450EEE1}.Debug|x64.Build.0 = Debug|x64
		{7171E1C9-7B5B-46CE-B0CA-5BBA8450EEE1}.Debug|x86.ActiveCfg = Debug|Win32
		{7171E1C9-7B5B-46CE-B0CA-5BBA8450EEE1}.Debug|x86.Build.0 = Debug|Win32
		{7171E1C9-7B5B-46CE-B0CA-5BBA8450EEE1}.Release|x64.ActiveCfg = Release|x64
		{7171E1C9-7B5B-46CE-B0CA-5BBA8450EEE1}.Release|x64.Build.0 = Release|x64
		{7171E1C9-7B5B-46CE-B0CA-5BBA8450EEE1}.Release|x86.ActiveCfg = Release|Win32
		{7171E1C9-7B5B-46CE-B0CA-5BBA8450EEE1}.Release|x86.Build.0 = Release|Win32
		{1AF9A6E4-C86C-4189-BAE9-36307DA8A1BC}.Debug|x64.ActiveCfg = Debug|x64
		{1AF9A6E4-C86C-4189-BAE9-36307DA8A1BC}.Debug|x64.Build.0 = Debug|x64
		{1AF9A6E4-C86C-4189-BAE9-36307DA8A1BC}.Debug|x86.ActiveCfg = Debug|Win32
		{1AF9A6E4-C86C-4189-BAE9-36307DA8A1BC}.Debug|x86.Build.0 = Debug|Win32
		{1AF9A6E4-C86C-4189-BAE9-36307DA8A1BC}.Release|x64.ActiveCfg = Release|x64
		{1AF9A6E4-C86C-4189-BAE9-36307DA8A1BC}.Release|x64.Build.0 = Release|x64
		{1AF9A6E4-C86C-4189-BAE9-36307DA8A1BC}.Release|x86.ActiveCfg = Release|Win32
		{1AF9A6E4-C86C-4189-BAE9-36307DA8A1BC}.Release|x86.Build.0 = Release|Win32
		{10894D42-ABB3-4227-87CE-D83C928A9979}.Debug|x64.ActiveCfg = Debug|x64
		{10894D42-ABB3-4227-87CE-D83C928A9979}.Debug|x64.Build.0 = Debug|x64
		{10894D42-ABB3-4227-87CE-D83C928A9979}.Debug|x86.ActiveCfg = Debug|Win32
		{10894D42-ABB3-4227-87CE-D83C928A9979}.Debug|x86.Build.0 = Debug|Win32
		{10894D42-ABB3-4227-87CE-D83C928A9979}.Release|x64.ActiveCfg = Release|x64
		{10894D42-ABB3-4227-87CE-D83C928A9979}.Release|x64.Build.0 = Release|x64
		{10894D42-ABB3-4227-87CE-D83C928A9979}.Release|x86.ActiveCfg = Release|Win32
		{10894D42-ABB3-4227-87CE-D83C928A9979}.Release|x86.Build.0 = Release|Win32
		{7AD2E32C-62D6-45DE-A6EA-106EA2D54228}.Debug|x64.ActiveCfg = Debug|x64
		{7AD2E32C-62D6-45DE-A6EA-106EA2D54228}.Debug|x64.Build.0 = Debug|x64
		{7AD2E32C-62D6-45DE-A6EA-106EA2D54228}.Debug|x86.ActiveCfg = Debug|Win32
		{7AD2E32C-62D6-45DE-A6EA-106EA2D54228}.Debug|x86.Build.0 = Debug|Win32
		{7AD2E32C-62D6-45DE-A6EA-106EA2D54228}.Release|x64.ActiveCfg = Release|x64
		{7AD2E32C-62D6-45DE-A6EA-106EA2D54228}.Release|x64.Build.0 = Release|x64
		{7AD2E32C-62D6-45DE-A6EA-106EA2D54228}.Release|x86.ActiveCfg = Release|Win32
		{7AD2E32C-62D6-45DE-A6EA-106EA2D54228}.Release|x86.Build.0 = Release|Win32
		{C908D0D3-5264-46B1-A1CD-948BB58FA0B0}.Debug|x64.ActiveCfg = Debug|x64
		{C908D0D3-5264-46B1-A1CD-948BB58FA0B0}.Debug|x64.Build.0 = Debug|x64
		{C908D0D3-5264-46B1-A1CD-948BB58FA0B0}.Debug|x86.ActiveCfg = Debug|Win32
		{C908D0D3-5264-46B1-A1CD-948BB58FA0B0}.Debug|x86.Build.0 = Debug|Win32
		{C908D0D3-5264-46B1-A1CD-948BB58FA0B0}.Release|x64.ActiveCfg = Release|x64
		{C908D0D3-5264-46B1-A1CD-948BB58FA0B0}.Release|x64.Build.0 = Release|x64
		{C908D0D3-5264-46B1-A1CD-948BB58FA0B0}.Release|x86.ActiveCfg = Release|Win32
		{C908D0D3-5264-46B1-A1CD-948BB58FA0B0}.Release|x86.Build.0 = Release|Win32
		{E3C5DAC5-EE35-4993-9275-87EEBC295364}.Debug|x64.ActiveCfg = Debug|x64
		{E3C5DAC5-EE35-4993-9275-87EEBC295364}.Debug|x64.Build.0 = Debug|x64
		{E3C5DAC5-EE35-4993-9275-87EEBC295364}.Debug|x86.ActiveCfg = Debug|Win32
		{E3C5DAC5-EE35-4993-9275-87EEBC295364}.Debug|x86.Build.0 = Debug|Win32
		{E3C5DAC5-EE35-4993-9275-87EEBC295364}.Release|x64.ActiveCfg = Release|x64
		{E3C5DAC5-EE35-4993-9275-87EEBC295364}.Release|x64.Build.0 = Release|x64
		{E3C5DAC5-EE35-4993-9275-87EEBC295364}.Release|x86.ActiveCfg = Release|Win32
		{E3C5DAC5-EE35-4993-9275-87EEBC295364}.Release|x86.Build.0 = Release|Win32
	EndGlobalSection
	GlobalSection(SolutionProperties) = preSolution
		HideSolutionNode = FALSE
	EndGlobalSection
	GlobalSection(NestedProjects) = preSolution
		{9CAE5CC8-194A-40CE-BED1-19FBDE9ACF30} = {4C0A7B9B-8A59-430B-B738-AF1A5F2D70CD}
		{5CD992E6-E52A-4B92-B82D-91185F73CFDC} = {56628045-5AF7-4179-B5FA-570F9477DE79}
		{7171E1C9-7B5B-46CE-B0CA-5BBA8450EEE1} = {56628045-5AF7-4179-B5FA-570F9477DE79}
		{1AF9A6E4-C86C-4189-BAE9-36307DA8A1BC} = {5CD992E6-E52A-4B92-B82D-91185F73CFDC}
		{10894D42-ABB3-4227-87CE-D83C928A9979} = {30FC6BE1-6CD8-4BAA-A4D7-6452EA7479C6}
		{7AD2E32C-62D6-45DE-A6EA-106EA2D54228} = {5CD992E6-E52A-4B92-B82D-91185F73CFDC}
		{C908D0D3-5264-46B1-A1CD-948BB58FA0B0} = {9CAE5CC8-194A-40CE-BED1-19FBDE9ACF30}
		{E3C5DAC5-EE35-4993-9275-87EEBC295364} = {4C0A7B9B-8A59-430B-B738-AF1A5F2D70CD}
	EndGlobalSection
	GlobalSection(ExtensibilityGlobals) = postSolution
		SolutionGuid = {2040B032-7BDD-40D2-8864-E6FB42FA7F30}
	EndGlobalSection
EndGlobal
